version = 1
revision = 3
requires-python = ">=3.12, <3.13"

[manifest]
requirements = [
    { name = "pillow", specifier = ">=11,<13" },
    { name = "pyaudio", specifier = ">=0.2.14" },
    { name = "pyobjc-framework-cocoa", specifier = ">=11,<13" },
    { name = "pyobjc-framework-quartz", specifier = ">=11,<13" },
    { name = "websockets", specifier = ">=15,<17" },
]

[[package]]
name = "pillow"
version = "12.3.0"
source = { registry = "https://pypi.tuna.tsinghua.edu.cn/simple" }
sdist = { url = "https://pypi.tuna.tsinghua.edu.cn/packages/1c/3d/bb7fca845737cf9d7dbde16ed1843984665ff2e0a518f5db43e77ec540b9/pillow-12.3.0.tar.gz", hash = "sha256:3b8182a766685eaa002637e28b4ec8d6b18819a0c71f579bf0dbaa5830297cce", size = 47025035, upload-time = "2026-07-01T11:56:38.965Z" }
wheels = [
    { url = "https://pypi.tuna.tsinghua.edu.cn/packages/37/bf/fb3ebff8ddcb76aac5a01389251bbbb9519922a9b520d8247c1ca864a25d/pillow-12.3.0-cp312-cp312-macosx_10_13_x86_64.whl", hash = "sha256:ba09209fbe443b4acccebe845d8a138b89a8f4fbaeedd44953490b5315d5e965", size = 5345969, upload-time = "2026-07-01T11:54:06.397Z" },
    { url = "https://pypi.tuna.tsinghua.edu.cn/packages/d8/66/9a386a92561f402389a4fc70c18838bf6d35eb5eb5c6850b4b2dc64f5048/pillow-12.3.0-cp312-cp312-macosx_11_0_arm64.whl", hash = "sha256:ffd0c5368496f41b0944be820fcb7a838aa6e623d250b01acf2643939c3f99d7", size = 4780323, upload-time = "2026-07-01T11:54:09.351Z" },
    { url = "https://pypi.tuna.tsinghua.edu.cn/packages/25/27/ac8f99618ffd3dde21db0f4d4b1d2ab00c0880595bfd17df103f7f39fd0c/pillow-12.3.0-cp312-cp312-manylinux_2_27_aarch64.manylinux_2_28_aarch64.whl", hash = "sha256:d9c7f76c0673154f044e9d78c8655fb4213f6ca31a836df48b40fe5d187717b9", size = 6266838, upload-time = "2026-07-01T11:54:11.71Z" },
    { url = "https://pypi.tuna.tsinghua.edu.cn/packages/84/21/a35af28dcc61f37ed850a2d64c65c701321dfbf25085e469d5559360cbbf/pillow-12.3.0-cp312-cp312-manylinux_2_27_x86_64.manylinux_2_28_x86_64.whl", hash = "sha256:78cb2c6865a35ab8ff8b75fd122f6033b92a62c82801110e48ddd6c936a45d91", size = 6940830, upload-time = "2026-07-01T11:54:13.732Z" },
    { url = "https://pypi.tuna.tsinghua.edu.cn/packages/eb/51/8b08617af3ad95e33ce6d7dd2c99ed6c8298f7fb131636303956be022e25/pillow-12.3.0-cp312-cp312-musllinux_1_2_aarch64.whl", hash = "sha256:e491916b378fba47242221bb9ead245211b70d504f495d105d17b14a24b4907c", size = 6344383, upload-time = "2026-07-01T11:54:15.756Z" },
    { url = "https://pypi.tuna.tsinghua.edu.cn/packages/1d/72/cf78ac9780bb93c28328f408973845a309d4d145041665f734572ced1b52/pillow-12.3.0-cp312-cp312-musllinux_1_2_x86_64.whl", hash = "sha256:0dd2064cbc55aaec028ef5fbb60fa47bb6c3e7918e07ff17935284b227a9d2df", size = 7052934, upload-time = "2026-07-01T11:54:17.721Z" },
    { url = "https://pypi.tuna.tsinghua.edu.cn/packages/20/20/25e0f4dc178a6bc0696793720055519a0de89e7661dae886992decbd2f81/pillow-12.3.0-cp312-cp312-win32.whl", hash = "sha256:dbce0b29841537a2fa4a214c2bbf14de3587c9680caa9b4e217568472490b28f", size = 6472684, upload-time = "2026-07-01T11:54:19.839Z" },
    { url = "https://pypi.tuna.tsinghua.edu.cn/packages/45/89/da2f7971a317f83d807fdd4065c0af40208e59e692cc43d315a71a0e96d1/pillow-12.3.0-cp312-cp312-win_amd64.whl", hash = "sha256:a2b55dd6b2a4c4b7d87ffa56bdb33fdc5fdb9a462173861a7bc097f17d91cb09", size = 7227137, upload-time = "2026-07-01T11:54:22.025Z" },
    { url = "https://pypi.tuna.tsinghua.edu.cn/packages/de/47/4845a0a6c0dbf1db8456bd9fc791f13c5ced7ced20606d08a0aacfd25b49/pillow-12.3.0-cp312-cp312-win_arm64.whl", hash = "sha256:331b624368d4f1d069149002f25f44bc61c8919ce8ddb3c45bdad8f6e2d89510", size = 2568267, upload-time = "2026-07-01T11:54:24.051Z" },
]

[[package]]
name = "pyaudio"
version = "0.2.14"
source = { registry = "https://pypi.tuna.tsinghua.edu.cn/simple" }
sdist = { url = "https://pypi.tuna.tsinghua.edu.cn/packages/26/1d/8878c7752febb0f6716a7e1a52cb92ac98871c5aa522cba181878091607c/PyAudio-0.2.14.tar.gz", hash = "sha256:78dfff3879b4994d1f4fc6485646a57755c6ee3c19647a491f790a0895bd2f87", size = 47066, upload-time = "2023-11-07T07:11:48.806Z" }
wheels = [
    { url = "https://pypi.tuna.tsinghua.edu.cn/packages/8d/45/8d2b76e8f6db783f9326c1305f3f816d4a12c8eda5edc6a2e1d03c097c3b/PyAudio-0.2.14-cp312-cp312-win32.whl", hash = "sha256:5fce4bcdd2e0e8c063d835dbe2860dac46437506af509353c7f8114d4bacbd5b", size = 144750, upload-time = "2023-11-07T07:11:40.142Z" },
    { url = "https://pypi.tuna.tsinghua.edu.cn/packages/b0/6a/d25812e5f79f06285767ec607b39149d02aa3b31d50c2269768f48768930/PyAudio-0.2.14-cp312-cp312-win_amd64.whl", hash = "sha256:12f2f1ba04e06ff95d80700a78967897a489c05e093e3bffa05a84ed9c0a7fa3", size = 164126, upload-time = "2023-11-07T07:11:41.539Z" },
]

[[package]]
name = "pyobjc-core"
version = "12.2.2"
source = { registry = "https://pypi.tuna.tsinghua.edu.cn/simple" }
sdist = { url = "https://pypi.tuna.tsinghua.edu.cn/packages/a5/78/abc4ce5920305780aeb36b4067a86253378b36e29ba96673a3deb02eb03a/pyobjc_core-12.2.2.tar.gz", hash = "sha256:3906452339cd06a3bb07df103c2511d4cb0f7a22d8771c0b802eba15d9a642b6", size = 1067701, upload-time = "2026-08-11T19:43:39.059Z" }
wheels = [
    { url = "https://pypi.tuna.tsinghua.edu.cn/packages/86/b2/bbf7f049880ab40d110e66f25122342a1f6c98d6fe3c59bb98985503c660/pyobjc_core-12.2.2-cp312-cp312-macosx_10_13_universal2.whl", hash = "sha256:122e6ad302a2abf5d4d4adb0156db751600ddf2768441696cba17b31323085e7", size = 6427637, upload-time = "2026-08-11T14:51:36.038Z" },
]

[[package]]
name = "pyobjc-framework-cocoa"
version = "12.2.2"
source = { registry = "https://pypi.tuna.tsinghua.edu.cn/simple" }
dependencies = [
    { name = "pyobjc-core" },
]
sdist = { url = "https://pypi.tuna.tsinghua.edu.cn/packages/75/76/49c6da2c6a831020b4854ba20079d5a1030474bffc776b7b73c2eeff8c15/pyobjc_framework_cocoa-12.2.2.tar.gz", hash = "sha256:c96c0ef69a71afbbb0e6a7d594b455c5fe47d62e0db376ee7a2b4b828c16ace9", size = 3132831, upload-time = "2026-08-11T19:44:02.288Z" }
wheels = [
    { url = "https://pypi.tuna.tsinghua.edu.cn/packages/fd/2f/b67e73d8bc367e03fe7861cd9c49fff9dcfa6db83bc0630c0adcfb25b7fa/pyobjc_framework_cocoa-12.2.2-cp312-cp312-macosx_10_13_universal2.whl", hash = "sha256:e106f395531e67694376b0f1184612cbeea3ec8b9bf56b55ef41d026171d2a2d", size = 388117, upload-time = "2026-08-11T19:32:43.161Z" },
]

[[package]]
name = "pyobjc-framework-quartz"
version = "12.2.2"
source = { registry = "https://pypi.tuna.tsinghua.edu.cn/simple" }
dependencies = [
    { name = "pyobjc-core" },
    { name = "pyobjc-framework-cocoa" },
]
sdist = { url = "https://pypi.tuna.tsinghua.edu.cn/packages/35/b1/426a37c7ae37280b3ffca2571fb48f211946aee2f4ca31a603ed1943c4a7/pyobjc_framework_quartz-12.2.2.tar.gz", hash = "sha256:810f97b210cfd93704d240860286dfd6df09f9f1c52525fc5c2166723aea3f9e", size = 3218295, upload-time = "2026-08-11T19:45:15.189Z" }
wheels = [
    { url = "https://pypi.tuna.tsinghua.edu.cn/packages/ed/e4/8be95d2ff850f82fb55b44c63333a00a920bf8a73642e7d9c2f3638a26d2/pyobjc_framework_quartz-12.2.2-cp312-cp312-macosx_10_13_universal2.whl", hash = "sha256:7f668979d0c7320bf8f7ed6e030da578f93ab0f5dd619b295ec735cd8d5faa34", size = 219003, upload-time = "2026-08-11T19:40:24.425Z" },
]

[[package]]
name = "websockets"
version = "16.1.1"
source = { registry = "https://pypi.tuna.tsinghua.edu.cn/simple" }
sdist = { url = "https://pypi.tuna.tsinghua.edu.cn/packages/21/f7/bc3a25c5ec26ce62ce487690becc2f3710bbc7b33338f005ad390db0b986/websockets-16.1.1.tar.gz", hash = "sha256:db234eda965dcce15df96bb9709f587cd87d4d52aaf0e80e2f34ec04c7670c57", size = 182204, upload-time = "2026-07-17T22:51:05.858Z" }
wheels = [
    { url = "https://pypi.tuna.tsinghua.edu.cn/packages/17/9d/681cda21c9eee743203a6cb79b9d3d05adad9aa60ec660c6c9bf4dd619ca/websockets-16.1.1-cp312-cp312-macosx_10_13_universal2.whl", hash = "sha256:cc97814dfb786a83b6e2dc2e79351e1b83e6d715647d6887fcabd83026417a00", size = 179600, upload-time = "2026-07-17T22:49:13.92Z" },
    { url = "https://pypi.tuna.tsinghua.edu.cn/packages/fb/8d/6195a88b45e8d2a8f745fc2046e36f885a3c9763e6767d2c46229bf9510c/websockets-16.1.1-cp312-cp312-macosx_10_13_x86_64.whl", hash = "sha256:e047dc87ef7ca50f4d309bf775ad4a71711c58556d75d7bd0604b2317f43e94b", size = 177272, upload-time = "2026-07-17T22:49:15.453Z" },
    { url = "https://pypi.tuna.tsinghua.edu.cn/packages/73/e3/fe2d498c64dea0095c9a9f9a351af4cd6eef31b618395582bc1f38ba45ff/websockets-16.1.1-cp312-cp312-macosx_11_0_arm64.whl", hash = "sha256:01fbdcbac298efe19360b94bc0039c8f746f0220ba570f327577bfee81059175", size = 177542, upload-time = "2026-07-17T22:49:16.875Z" },
    { url = "https://pypi.tuna.tsinghua.edu.cn/packages/fe/ed/f1831681fce0e3242346e5458486003c5f124ed69e5e0b847fd029db4973/websockets-16.1.1-cp312-cp312-manylinux1_x86_64.manylinux_2_28_x86_64.manylinux_2_5_x86_64.whl", hash = "sha256:0f62863e8a00a6d33c3d6566ec0b89f23787b747ffe0c3bc71ec0e76b82c94b1", size = 187137, upload-time = "2026-07-17T22:49:18.323Z" },
    { url = "https://pypi.tuna.tsinghua.edu.cn/packages/6f/79/4ff9dcc1bb46f6b4c536936dde1fd60f9b564f3304307274db97f4c9496d/websockets-16.1.1-cp312-cp312-manylinux2014_aarch64.manylinux_2_17_aarch64.manylinux_2_28_aarch64.whl", hash = "sha256:8087e82f842609734c9b5a1330464f8e94e346ba0e18c832c08bafa4b0d63c15", size = 188374, upload-time = "2026-07-17T22:49:19.65Z" },
    { url = "https://pypi.tuna.tsinghua.edu.cn/packages/62/c3/5c49b6efb36cab733d23773f6de575e1dba65736ead17d5d2b2a1daef779/websockets-16.1.1-cp312-cp312-manylinux2014_armv7l.manylinux_2_17_armv7l.manylinux_2_31_armv7l.whl", hash = "sha256:2bb5d041a8307d2e18782e7ce777f6fdb1e8c2f5d09291484b18c294b789d9aa", size = 191155, upload-time = "2026-07-17T22:49:21.331Z" },
    { url = "https://pypi.tuna.tsinghua.edu.cn/packages/6e/f6/56ccceda3a4838d18f1d40821480da4775397e8b1eecf4031e20c50e2e90/websockets-16.1.1-cp312-cp312-manylinux2014_ppc64le.manylinux_2_17_ppc64le.manylinux_2_28_ppc64le.whl", hash = "sha256:1db4de4a0e95673f7545d393c49eeb0c2f18ac1ef93073218c79d5cdb2ee75ab", size = 189011, upload-time = "2026-07-17T22:49:22.889Z" },
    { url = "https://pypi.tuna.tsinghua.edu.cn/packages/86/d6/ad5286241a2bce1107e2798d3bfbd62cf79aee167bdb654f8cb1e9dbf949/websockets-16.1.1-cp312-cp312-manylinux2014_s390x.manylinux_2_17_s390x.manylinux_2_28_s390x.whl", hash = "sha256:f17dbe07eb3ea7f99e4df9b7e0efefe80fbf30d37a8cc4d561a0aed310bc8847", size = 187766, upload-time = "2026-07-17T22:49:24.339Z" },
    { url = "https://pypi.tuna.tsinghua.edu.cn/packages/bc/67/d65c970b7e347fdca69479beb7811c2060529956730a7a4e3ae7c66b0e31/websockets-16.1.1-cp312-cp312-manylinux_2_31_riscv64.manylinux_2_39_riscv64.whl", hash = "sha256:4b57693728576d84ede0a77987ab16881b783d2cd9f1dc180a8fbbc3f79c4428", size = 185173, upload-time = "2026-07-17T22:49:25.743Z" },
    { url = "https://pypi.tuna.tsinghua.edu.cn/packages/1d/5b/14af3cd4ee69d8ea9baca58f3dc3cfb1ba78332a347fd478cb096549d60e/websockets-16.1.1-cp312-cp312-musllinux_1_2_aarch64.whl", hash = "sha256:2a636ff1e7a5c4edf71ef0e79adae7f25dba93b4fcbe3dc958733477ffeb0eaf", size = 187809, upload-time = "2026-07-17T22:49:27.147Z" },
    { url = "https://pypi.tuna.tsinghua.edu.cn/packages/7b/11/be301710d70de97e3e7b3586e6d492c9c06d6a61bf1c2202c36cf0c75607/websockets-16.1.1-cp312-cp312-musllinux_1_2_armv7l.whl", hash = "sha256:d6bec75c290fe484a8ba4cacdf838501e17c06ecfbbf31eede81a9e431bd7751", size = 186412, upload-time = "2026-07-17T22:49:28.611Z" },
    { url = "https://pypi.tuna.tsinghua.edu.cn/packages/db/07/fe1435bf6fe738a3d3b54dbe0c18dabf12cba4d909ac8b58b539ce27c1f4/websockets-16.1.1-cp312-cp312-musllinux_1_2_ppc64le.whl", hash = "sha256:54509b8e92fee4453e152b7558ddef37ce9705a044922f2095a6105e3f80c96f", size = 188290, upload-time = "2026-07-17T22:49:29.965Z" },
    { url = "https://pypi.tuna.tsinghua.edu.cn/packages/8a/0a/81f394aff8efcbb01208c1ced77df0a3c7fcce584a88c7273663697946c2/websockets-16.1.1-cp312-cp312-musllinux_1_2_riscv64.whl", hash = "sha256:f0aa4aad3b1b69ad3fd85a0fd0952ec64331c762bd77ec51cc814170873890b2", size = 185844, upload-time = "2026-07-17T22:49:31.447Z" },
    { url = "https://pypi.tuna.tsinghua.edu.cn/packages/39/5c/dd485b995473f415510251fe9bd708f2d24458f439fce958daf8d66dc7c6/websockets-16.1.1-cp312-cp312-musllinux_1_2_s390x.whl", hash = "sha256:42290eb6db4ccaca7012656738214f8514082fb6fa40cdeb61bb9a471b52e383", size = 186823, upload-time = "2026-07-17T22:49:33.104Z" },
    { url = "https://pypi.tuna.tsinghua.edu.cn/packages/9d/0b/f78de76ff446f1e66af12b43c48a35f31744de93cfdec2f4ea67d5d7bbf1/websockets-16.1.1-cp312-cp312-musllinux_1_2_x86_64.whl", hash = "sha256:53260c8930da5771cec89439bff99c20c8cb03ddb9588b980697355a83cd4bd3", size = 187102, upload-time = "2026-07-17T22:49:34.616Z" },
    { url = "https://pypi.tuna.tsinghua.edu.cn/packages/37/a1/4cf892007778eaf84ad162bfc98046e0ed89b63ac55949e3236626b2a23f/websockets-16.1.1-cp312-cp312-win32.whl", hash = "sha256:1d27fa8462ad6a1cb36206a3d0640b2333340def181fae11ed7f9adeaa5c0747", size = 179943, upload-time = "2026-07-17T22:49:36.213Z" },
    { url = "https://pypi.tuna.tsinghua.edu.cn/packages/d9/de/6abe251d28c3a3f217096575400b27750b18e0b1d2fff3a2a239960fea07/websockets-16.1.1-cp312-cp312-win_amd64.whl", hash = "sha256:b436f6ec4fc3a6b4237c84d3f83170ed2b40bb584222f0ac47a0c8a5921980c7", size = 180243, upload-time = "2026-07-17T22:49:37.626Z" },
    { url = "https://pypi.tuna.tsinghua.edu.cn/packages/be/4d/2d0d67834092e354d2b0498f014a41249a89556bc406cf86f3e1557bb463/websockets-16.1.1-py3-none-any.whl", hash = "sha256:6abbd3e82c731c8e531714466acd5d87b5e88ac3243465337ba71d68e23ae7e3", size = 173814, upload-time = "2026-07-17T22:51:04.184Z" },
]
